
Microsoft Visual Studio Solution File, Format Version 12.00
# Visual Studio Version 17
VisualStudioVersion = 17.0.31903.59
MinimumVisualStudioVersion = 10.0.40219.1
Project("{2150E333-8FDC-42A3-9474-1A3956D46DE8}") = "src", "src", "{827E0CD3-B72D-47B6-A68D-7590B98EB39B}"
EndProject
Project("{FAE04EC0-301F-11D3-BF4B-00C04F79EFBC}") = "AppHost", "src\AppHost\AppHost.csproj", "{D4EAFD37-8878-4ABD-B84F-85BC672B631D}"
EndProject
Project("{FAE04EC0-301F-11D3-BF4B-00C04F79EFBC}") = "HRAgent.Api", "src\HRAgent.Api\HRAgent.Api.csproj", "{68B0ED85-3812-4AE2-BC47-58D11ED37E88}"
EndProject
Project("{FAE04EC0-301F-11D3-BF4B-00C04F79EFBC}") = "HRAgent.Contracts", "src\HRAgent.Contracts\HRAgent.Contracts.csproj", "{6F9E03B9-BE9A-469D-BB32-C81DD92DD5DB}"
EndProject
Project("{FAE04EC0-301F-11D3-BF4B-00C04F79EFBC}") = "HRAgent.Infrastructure", "src\HRAgent.Infrastructure\HRAgent.Infrastructure.csproj", "{8DFA4A44-58A4-485E-9F92-D00741505204}"
EndProject
Project("{FAE04EC0-301F-11D3-BF4B-00C04F79EFBC}") = "HRAgent.ServiceDefaults", "src\HRAgent.ServiceDefaults\HRAgent.ServiceDefaults.csproj", "{39CDDDEB-CD24-4B2D-A3F6-B22F8E1D312D}"
EndProject
Global
	GlobalSection(SolutionConfigurationPlatforms) = preSolution
		Debug|Any CPU = Debug|Any CPU
		Debug|x64 = Debug|x64
		Debug|x86 = Debug|x86
		Release|Any CPU = Release|Any CPU
		Release|x64 = Release|x64
		Release|x86 = Release|x86
	EndGlobalSection
	GlobalSection(ProjectConfigurationPlatforms) = postSolution
		{D4EAFD37-8878-4ABD-B84F-85BC672B631D}.Debug|Any CPU.ActiveCfg = Debug|Any CPU
		{D4EAFD37-8878-4ABD-B84F-85BC672B631D}.Debug|Any CPU.Build.0 = Debug|Any CPU
		{D4EAFD37-8878-4ABD-B84F-85BC672B631D}.Debug|x64.ActiveCfg = Debug|Any CPU
		{D4EAFD37-8878-4ABD-B84F-85BC672B631D}.Debug|x64.Build.0 = Debug|Any CPU
		{D4EAFD37-8878-4ABD-B84F-85BC672B631D}.Debug|x86.ActiveCfg = Debug|Any CPU
		{D4EAFD37-8878-4ABD-B84F-85BC672B631D}.Debug|x86.Build.0 = Debug|Any CPU
		{D4EAFD37-8878-4ABD-B84F-85BC672B631D}.Release|Any CPU.ActiveCfg = Release|Any CPU
		{D4EAFD37-8878-4ABD-B84F-85BC672B631D}.Release|Any CPU.Build.0 = Release|Any CPU
		{D4EAFD37-8878-4ABD-B84F-85BC672B631D}.Release|x64.ActiveCfg = Release|Any CPU
		{D4EAFD37-8878-4ABD-B84F-85BC672B631D}.Release|x64.Build.0 = Release|Any CPU
		{D4EAFD37-8878-4ABD-B84F-85BC672B631D}.Release|x86.ActiveCfg = Release|Any CPU
		{D4EAFD37-8878-4ABD-B84F-85BC672B631D}.Release|x86.Build.0 = Release|Any CPU
		{68B0ED85-3812-4AE2-BC47-58D11ED37E88}.Debug|Any CPU.ActiveCfg = Debug|Any CPU
		{68B0ED85-3812-4AE2-BC47-58D11ED37E88}.Debug|Any CPU.Build.0 = Debug|Any CPU
		{68B0ED85-3812-4AE2-BC47-58D11ED37E88}.Debug|x64.ActiveCfg = Debug|Any CPU
		{68B0ED85-3812-4AE2-BC47-58D11ED37E88}.Debug|x64.Build.0 = Debug|Any CPU
		{68B0ED85-3812-4AE2-BC47-58D11ED37E88}.Debug|x86.ActiveCfg = Debug|Any CPU
		{68B0ED85-3812-4AE2-BC47-58D11ED37E88}.Debug|x86.Build.0 = Debug|Any CPU
		{68B0ED85-3812-4AE2-BC47-58D11ED37E88}.Release|Any CPU.ActiveCfg = Release|Any CPU
		{68B0ED85-3812-4AE2-BC47-58D11ED37E88}.Release|Any CPU.Build.0 = Release|Any CPU
		{68B0ED85-3812-4AE2-BC47-58D11ED37E88}.Release|x64.ActiveCfg = Release|Any CPU
		{68B0ED85-3812-4AE2-BC47-58D11ED37E88}.Release|x64.Build.0 = Release|Any CPU
		{68B0ED85-3812-4AE2-BC47-58D11ED37E88}.Release|x86.ActiveCfg = Release|Any CPU
		{68B0ED85-3812-4AE2-BC47-58D11ED37E88}.Release|x86.Build.0 = Release|Any CPU
		{6F9E03B9-BE9A-469D-BB32-C81DD92DD5DB}.Debug|Any CPU.ActiveCfg = Debug|Any CPU
		{6F9E03B9-BE9A-469D-BB32-C81DD92DD5DB}.Debug|Any CPU.Build.0 = Debug|Any CPU
		{6F9E03B9-BE9A-469D-BB32-C81DD92DD5DB}.Debug|x64.ActiveCfg = Debug|Any CPU
		{6F9E03B9-BE9A-469D-BB32-C81DD92DD5DB}.Debug|x64.Build.0 = Debug|Any CPU
		{6F9E03B9-BE9A-469D-BB32-C81DD92DD5DB}.Debug|x86.ActiveCfg = Debug|Any CPU
		{6F9E03B9-BE9A-469D-BB32-C81DD92DD5DB}.Debug|x86.Build.0 = Debug|Any CPU
		{6F9E03B9-BE9A-469D-BB32-C81DD92DD5DB}.Release|Any CPU.ActiveCfg = Release|Any CPU
		{6F9E03B9-BE9A-469D-BB32-C81DD92DD5DB}.Release|Any CPU.Build.0 = Release|Any CPU
		{6F9E03B9-BE9A-469D-BB32-C81DD92DD5DB}.Release|x64.ActiveCfg = Release|Any CPU
		{6F9E03B9-BE9A-469D-BB32-C81DD92DD5DB}.Release|x64.Build.0 = Release|Any CPU
		{6F9E03B9-BE9A-469D-BB32-C81DD92DD5DB}.Release|x86.ActiveCfg = Release|Any CPU
		{6F9E03B9-BE9A-469D-BB32-C81DD92DD5DB}.Release|x86.Build.0 = Release|Any CPU
		{8DFA4A44-58A4-485E-9F92-D00741505204}.Debug|Any CPU.ActiveCfg = Debug|Any CPU
		{8DFA4A44-58A4-485E-9F92-D00741505204}.Debug|Any CPU.Build.0 = Debug|Any CPU
		{8DFA4A44-58A4-485E-9F92-D00741505204}.Debug|x64.ActiveCfg = Debug|Any CPU
		{8DFA4A44-58A4-485E-9F92-D00741505204}.Debug|x64.Build.0 = Debug|Any CPU
		{8DFA4A44-58A4-485E-9F92-D00741505204}.Debug|x86.ActiveCfg = Debug|Any CPU
		{8DFA4A44-58A4-485E-9F92-D00741505204}.Debug|x86.Build.0 = Debug|Any CPU
		{8DFA4A44-58A4-485E-9F92-D00741505204}.Release|Any CPU.ActiveCfg = Release|Any CPU
		{8DFA4A44-58A4-485E-9F92-D00741505204}.Release|Any CPU.Build.0 = Release|Any CPU
		{8DFA4A44-58A4-485E-9F92-D00741505204}.Release|x64.ActiveCfg = Release|Any CPU
		{8DFA4A44-58A4-485E-9F92-D00741505204}.Release|x64.Build.0 = Release|Any CPU
		{8DFA4A44-58A4-485E-9F92-D00741505204}.Release|x86.ActiveCfg = Release|Any CPU
		{8DFA4A44-58A4-485E-9F92-D00741505204}.Release|x86.Build.0 = Release|Any CPU
		{39CDDDEB-CD24-4B2D-A3F6-B22F8E1D312D}.Debug|Any CPU.ActiveCfg = Debug|Any CPU
		{39CDDDEB-CD24-4B2D-A3F6-B22F8E1D312D}.Debug|Any CPU.Build.0 = Debug|Any CPU
		{39CDDDEB-CD24-4B2D-A3F6-B22F8E1D312D}.Debug|x64.ActiveCfg = Debug|Any CPU
		{39CDDDEB-CD24-4B2D-A3F6-B22F8E1D312D}.Debug|x64.Build.0 = Debug|Any CPU
		{39CDDDEB-CD24-4B2D-A3F6-B22F8E1D312D}.Debug|x86.ActiveCfg = Debug|Any CPU
		{39CDDDEB-CD24-4B2D-A3F6-B22F8E1D312D}.Debug|x86.Build.0 = Debug|Any CPU
		{39CDDDEB-CD24-4B2D-A3F6-B22F8E1D312D}.Release|Any CPU.ActiveCfg = Release|Any CPU
		{39CDDDEB-CD24-4B2D-A3F6-B22F8E1D312D}.Release|Any CPU.Build.0 = Release|Any CPU
		{39CDDDEB-CD24-4B2D-A3F6-B22F8E1D312D}.Release|x64.ActiveCfg = Release|Any CPU
		{39CDDDEB-CD24-4B2D-A3F6-B22F8E1D312D}.Release|x64.Build.0 = Release|Any CPU
		{39CDDDEB-CD24-4B2D-A3F6-B22F8E1D312D}.Release|x86.ActiveCfg = Release|Any CPU
		{39CDDDEB-CD24-4B2D-A3F6-B22F8E1D312D}.Release|x86.Build.0 = Release|Any CPU
	EndGlobalSection
	GlobalSection(SolutionProperties) = preSolution
		HideSolutionNode = FALSE
	EndGlobalSection
	GlobalSection(NestedProjects) = preSolution
		{D4EAFD37-8878-4ABD-B84F-85BC672B631D} = {827E0CD3-B72D-47B6-A68D-7590B98EB39B}
		{68B0ED85-3812-4AE2-BC47-58D11ED37E88} = {827E0CD3-B72D-47B6-A68D-7590B98EB39B}
		{6F9E03B9-BE9A-469D-BB32-C81DD92DD5DB} = {827E0CD3-B72D-47B6-A68D-7590B98EB39B}
		{8DFA4A44-58A4-485E-9F92-D00741505204} = {827E0CD3-B72D-47B6-A68D-7590B98EB39B}
		{39CDDDEB-CD24-4B2D-A3F6-B22F8E1D312D} = {827E0CD3-B72D-47B6-A68D-7590B98EB39B}
	EndGlobalSection
EndGlobal
